
Microsoft Visual Studio Solution File, Format Version 12.00
# Visual Studio Version 16
VisualStudioVersion = 16.0.30011.22
MinimumVisualStudioVersion = 10.0.40219.1
Project("{FAE04EC0-301F-11D3-BF4B-00C04F79EFBC}") = "MIS_Server", "MIS_Server\MIS_Server.csproj", "{AE1ADC72-8D19-42FA-BE70-56F6A0D4762F}"
EndProject
Global
	GlobalSection(SolutionConfigurationPlatforms) = preSolution
		Debug|Any CPU = Debug|Any CPU
		Release|Any CPU = Release|Any CPU
	EndGlobalSection
	GlobalSection(ProjectConfigurationPlatforms) = postSolution
		{AE1ADC72-8D19-42FA-BE70-56F6A0D4762F}.Debug|Any CPU.ActiveCfg = Debug|Any CPU
		{AE1ADC72-8D19-42FA-BE70-56F6A0D4762F}.Debug|Any CPU.Build.0 = Debug|Any CPU
		{AE1ADC72-8D19-42FA-BE70-56F6A0D4762F}.Release|Any CPU.ActiveCfg = Release|Any CPU
		{AE1ADC72-8D19-42FA-BE70-56F6A0D4762F}.Release|Any CPU.Build.0 = Release|Any CPU
	EndGlobalSection
	GlobalSection(SolutionProperties) = preSolution
		HideSolutionNode = FALSE
	EndGlobalSection
	GlobalSection(ExtensibilityGlobals) = postSolution
		SolutionGuid = {F5BCCE7B-3528-435C-A347-50632D930F49}
	EndGlobalSection
EndGlobal
